
Microsoft Visual Studio Solution File, Format Version 12.00
# Visual Studio Version 17
VisualStudioVersion = 17.9.34902.65
MinimumVisualStudioVersion = 10.0.40219.1
Project("{2150E333-8FDC-42A3-9474-1A3956D46DE8}") = "src", "src", "{A01658B9-2F21-4156-A930-F86C7962CBE1}"
EndProject
Project("{2150E333-8FDC-42A3-9474-1A3956D46DE8}") = "API", "API", "{97BF6108-E765-4D53-8583-DAB8A2A9CCE8}"
EndProject
Project("{2150E333-8FDC-42A3-9474-1A3956D46DE8}") = "Core", "Core", "{8B025980-D70F-4390-9256-B57DECDFB9BB}"
EndProject
Project("{2150E333-8FDC-42A3-9474-1A3956D46DE8}") = "Infrastructure", "Infrastructure", "{8234DC95-2976-4F1A-8E5E-7BC77A6FC9F5}"
EndProject
Project("{FAE04EC0-301F-11D3-BF4B-00C04F79EFBC}") = "AppAPI", "AppAPI\AppAPI.csproj", "{49CD3674-9124-45EA-98D1-4221299E1599}"
EndProject
Project("{FAE04EC0-301F-11D3-BF4B-00C04F79EFBC}") = "Application", "Application\Application.csproj", "{52F51DF5-887C-4741-92F1-7FD1B5328AB0}"
EndProject
Project("{FAE04EC0-301F-11D3-BF4B-00C04F79EFBC}") = "Domain", "Domain\Domain.csproj", "{86FD7608-E08A-4489-A828-F4C40D727B33}"
EndProject
Project("{FAE04EC0-301F-11D3-BF4B-00C04F79EFBC}") = "Persistence", "Persistence\Persistence.csproj", "{20B27D57-E2BB-472B-8E03-94C2EE4D6522}"
EndProject
Global
	GlobalSection(SolutionConfigurationPlatforms) = preSolution
		Debug|Any CPU = Debug|Any CPU
		Release|Any CPU = Release|Any CPU
	EndGlobalSection
	GlobalSection(ProjectConfigurationPlatforms) = postSolution
		{49CD3674-9124-45EA-98D1-4221299E1599}.Debug|Any CPU.ActiveCfg = Debug|Any CPU
		{49CD3674-9124-45EA-98D1-4221299E1599}.Debug|Any CPU.Build.0 = Debug|Any CPU
		{49CD3674-9124-45EA-98D1-4221299E1599}.Release|Any CPU.ActiveCfg = Release|Any CPU
		{49CD3674-9124-45EA-98D1-4221299E1599}.Release|Any CPU.Build.0 = Release|Any CPU
		{52F51DF5-887C-4741-92F1-7FD1B5328AB0}.Debug|Any CPU.ActiveCfg = Debug|Any CPU
		{52F51DF5-887C-4741-92F1-7FD1B5328AB0}.Debug|Any CPU.Build.0 = Debug|Any CPU
		{52F51DF5-887C-4741-92F1-7FD1B5328AB0}.Release|Any CPU.ActiveCfg = Release|Any CPU
		{52F51DF5-887C-4741-92F1-7FD1B5328AB0}.Release|Any CPU.Build.0 = Release|Any CPU
		{86FD7608-E08A-4489-A828-F4C40D727B33}.Debug|Any CPU.ActiveCfg = Debug|Any CPU
		{86FD7608-E08A-4489-A828-F4C40D727B33}.Debug|Any CPU.Build.0 = Debug|Any CPU
		{86FD7608-E08A-4489-A828-F4C40D727B33}.Release|Any CPU.ActiveCfg = Release|Any CPU
		{86FD7608-E08A-4489-A828-F4C40D727B33}.Release|Any CPU.Build.0 = Release|Any CPU
		{20B27D57-E2BB-472B-8E03-94C2EE4D6522}.Debug|Any CPU.ActiveCfg = Debug|Any CPU
		{20B27D57-E2BB-472B-8E03-94C2EE4D6522}.Debug|Any CPU.Build.0 = Debug|Any CPU
		{20B27D57-E2BB-472B-8E03-94C2EE4D6522}.Release|Any CPU.ActiveCfg = Release|Any CPU
		{20B27D57-E2BB-472B-8E03-94C2EE4D6522}.Release|Any CPU.Build.0 = Release|Any CPU
	EndGlobalSection
	GlobalSection(SolutionProperties) = preSolution
		HideSolutionNode = FALSE
	EndGlobalSection
	GlobalSection(NestedProjects) = preSolution
		{97BF6108-E765-4D53-8583-DAB8A2A9CCE8} = {A01658B9-2F21-4156-A930-F86C7962CBE1}
		{8B025980-D70F-4390-9256-B57DECDFB9BB} = {A01658B9-2F21-4156-A930-F86C7962CBE1}
		{8234DC95-2976-4F1A-8E5E-7BC77A6FC9F5} = {A01658B9-2F21-4156-A930-F86C7962CBE1}
		{49CD3674-9124-45EA-98D1-4221299E1599} = {97BF6108-E765-4D53-8583-DAB8A2A9CCE8}
		{52F51DF5-887C-4741-92F1-7FD1B5328AB0} = {8B025980-D70F-4390-9256-B57DECDFB9BB}
		{86FD7608-E08A-4489-A828-F4C40D727B33} = {8B025980-D70F-4390-9256-B57DECDFB9BB}
		{20B27D57-E2BB-472B-8E03-94C2EE4D6522} = {8234DC95-2976-4F1A-8E5E-7BC77A6FC9F5}
	EndGlobalSection
	GlobalSection(ExtensibilityGlobals) = postSolution
		SolutionGuid = {D7EBF90D-0C40-4159-A24D-95352874453E}
	EndGlobalSection
EndGlobal
